{
  "nodes": {
    "nixpkgs": {
      "locked": {
        "lastModified": 1767634882,
        "narHash": "sha256-2GffSfQxe3sedHzK+sTKlYo/NTIAGzbFCIsNMUPAAnk=",
        "rev": "3c9db02515ef1d9b6b709fc60ba9a540957f661c",
        "revCount": 905092,
        "type": "tarball",
        "url": "https://api.flakehub.com/f/pinned/NixOS/nixpkgs/0.2511.905092%2Brev-3c9db02515ef1d9b6b709fc60ba9a540957f661c/019b96fa-f719-7b79-9733-f941217db408/source.tar.gz"
      },
      "original": {
        "type": "tarball",
        "url": "https://flakehub.com/f/NixOS/nixpkgs/0"
      }
    },
    "root": {
      "inputs": {
        "nixpkgs": "nixpkgs"
      }
    }
  },
  "root": "root",
  "version": 7
}
